
Microsoft Visual Studio Solution File, Format Version 12.00
# Visual Studio Version 17
VisualStudioVersion = 17.6.33829.357
MinimumVisualStudioVersion = 10.0.40219.1
Project("{FAE04EC0-301F-11D3-BF4B-00C04F79EFBC}") = "CarInformation_Assignment3", "CarInformation_Assignment3.csproj", "{A4BA940D-5D74-4A20-8560-ACEF13572DC2}"
EndProject
Global
	GlobalSection(SolutionConfigurationPlatforms) = preSolution
		Debug|Any CPU = Debug|Any CPU
		Release|Any CPU = Release|Any CPU
	EndGlobalSection
	GlobalSection(ProjectConfigurationPlatforms) = postSolution
		{A4BA940D-5D74-4A20-8560-ACEF13572DC2}.Debug|Any CPU.ActiveCfg = Debug|Any CPU
		{A4BA940D-5D74-4A20-8560-ACEF13572DC2}.Debug|Any CPU.Build.0 = Debug|Any CPU
		{A4BA940D-5D74-4A20-8560-ACEF13572DC2}.Release|Any CPU.ActiveCfg = Release|Any CPU
		{A4BA940D-5D74-4A20-8560-ACEF13572DC2}.Release|Any CPU.Build.0 = Release|Any CPU
	EndGlobalSection
	GlobalSection(SolutionProperties) = preSolution
		HideSolutionNode = FALSE
	EndGlobalSection
	GlobalSection(ExtensibilityGlobals) = postSolution
		SolutionGuid = {96973A70-4D8A-4CFF-BC94-55D51637F1F6}
	EndGlobalSection
EndGlobal
